
Microsoft Visual Studio Solution File, Format Version 12.00
# Visual Studio 15
VisualStudioVersion = 15.0.28010.2026
MinimumVisualStudioVersion = 10.0.40219.1
Project("{FAE04EC0-301F-11D3-BF4B-00C04F79EFBC}") = "Timely", "Timely\Timely.csproj", "{976D8188-092C-4577-923C-F9F4525E5B93}"
EndProject
Global
	GlobalSection(SolutionConfigurationPlatforms) = preSolution
		Debug|Any CPU = Debug|Any CPU
		Release|Any CPU = Release|Any CPU
	EndGlobalSection
	GlobalSection(ProjectConfigurationPlatforms) = postSolution
		{976D8188-092C-4577-923C-F9F4525E5B93}.Debug|Any CPU.ActiveCfg = Debug|Any CPU
		{976D8188-092C-4577-923C-F9F4525E5B93}.Debug|Any CPU.Build.0 = Debug|Any CPU
		{976D8188-092C-4577-923C-F9F4525E5B93}.Release|Any CPU.ActiveCfg = Release|Any CPU
		{976D8188-092C-4577-923C-F9F4525E5B93}.Release|Any CPU.Build.0 = Release|Any CPU
	EndGlobalSection
	GlobalSection(SolutionProperties) = preSolution
		HideSolutionNode = FALSE
	EndGlobalSection
	GlobalSection(ExtensibilityGlobals) = postSolution
		SolutionGuid = {2C637FAE-A50D-4F8B-B3B1-918A596BEF38}
	EndGlobalSection
EndGlobal
